// !$*UTF8*$!
{
	archiveVersion = 1;
	classes = {
	};
	objectVersion = 56;
	objects = {

/* Begin PBXBuildFile section */
		DD3679E72BE062260095023E /* AppetizersApp.swift in Sources */ = {isa = PBXBuildFile; fileRef = DD3679E62BE062260095023E /* AppetizersApp.swift */; };
		DD3679E92BE062260095023E /* AppetizerTabView.swift in Sources */ = {isa = PBXBuildFile; fileRef = DD3679E82BE062260095023E /* AppetizerTabView.swift */; };
		DD3679EB2BE062280095023E /* Assets.xcassets in Resources */ = {isa = PBXBuildFile; fileRef = DD3679EA2BE062280095023E /* Assets.xcassets */; };
		DD3679EF2BE062280095023E /* Preview Assets.xcassets in Resources */ = {isa = PBXBuildFile; fileRef = DD3679EE2BE062280095023E /* Preview Assets.xcassets */; };
		DD3679F62BE062DA0095023E /* AppetizerListView.swift in Sources */ = {isa = PBXBuildFile; fileRef = DD3679F52BE062D90095023E /* AppetizerListView.swift */; };
		DD3679F82BE062E70095023E /* AccountView.swift in Sources */ = {isa = PBXBuildFile; fileRef = DD3679F72BE062E70095023E /* AccountView.swift */; };
		DD3679FA2BE062F00095023E /* OrderView.swift in Sources */ = {isa = PBXBuildFile; fileRef = DD3679F92BE062F00095023E /* OrderView.swift */; };
		DD58A1572C1A6E020031488C /* Order.swift in Sources */ = {isa = PBXBuildFile; fileRef = DD58A1562C1A6E020031488C /* Order.swift */; };
		DD58A1592C1A7D6D0031488C /* AppetizerListBlink.swift in Sources */ = {isa = PBXBuildFile; fileRef = DD58A1582C1A7D6D0031488C /* AppetizerListBlink.swift */; };
		DD58A15B2C1A81100031488C /* CustomModifiers.swift in Sources */ = {isa = PBXBuildFile; fileRef = DD58A15A2C1A81100031488C /* CustomModifiers.swift */; };
		DD58A15D2C1A82160031488C /* View+Ext.swift in Sources */ = {isa = PBXBuildFile; fileRef = DD58A15C2C1A82160031488C /* View+Ext.swift */; };
		DD8B47ED2C0FF87500FE7072 /* AccountViewModel.swift in Sources */ = {isa = PBXBuildFile; fileRef = DD8B47EC2C0FF87500FE7072 /* AccountViewModel.swift */; };
		DD8B47EF2C0FF9E200FE7072 /* String+Ext.swift in Sources */ = {isa = PBXBuildFile; fileRef = DD8B47EE2C0FF9E200FE7072 /* String+Ext.swift */; };
		DD8B47F12C1138E600FE7072 /* User.swift in Sources */ = {isa = PBXBuildFile; fileRef = DD8B47F02C1138E600FE7072 /* User.swift */; };
		DD8B47F62C1143A800FE7072 /* EmptyState.swift in Sources */ = {isa = PBXBuildFile; fileRef = DD8B47F52C1143A800FE7072 /* EmptyState.swift */; };
		DD95037A2BFD6E8F00A2ED01 /* APButton.swift in Sources */ = {isa = PBXBuildFile; fileRef = DD9503792BFD6E8F00A2ED01 /* APButton.swift */; };
		DD95037C2BFD6F3700A2ED01 /* XDismissButton.swift in Sources */ = {isa = PBXBuildFile; fileRef = DD95037B2BFD6F3700A2ED01 /* XDismissButton.swift */; };
		DDB64C502BEADBAD002ECFEE /* Appetizer.swift in Sources */ = {isa = PBXBuildFile; fileRef = DDB64C4F2BEADBAD002ECFEE /* Appetizer.swift */; };
		DDB64C522BEC451E002ECFEE /* AppetizerListCell.swift in Sources */ = {isa = PBXBuildFile; fileRef = DDB64C512BEC451E002ECFEE /* AppetizerListCell.swift */; };
		DDB64C542BEC4681002ECFEE /* NetworkManager.swift in Sources */ = {isa = PBXBuildFile; fileRef = DDB64C532BEC4681002ECFEE /* NetworkManager.swift */; };
		DDB64C562BEC47D5002ECFEE /* APError.swift in Sources */ = {isa = PBXBuildFile; fileRef = DDB64C552BEC47D5002ECFEE /* APError.swift */; };
		DDB64C582BEC5064002ECFEE /* AppetizerListViewModel.swift in Sources */ = {isa = PBXBuildFile; fileRef = DDB64C572BEC5064002ECFEE /* AppetizerListViewModel.swift */; };
		DDB64C5A2BEC5868002ECFEE /* BlinkViewModifier.swift in Sources */ = {isa = PBXBuildFile; fileRef = DDB64C592BEC5868002ECFEE /* BlinkViewModifier.swift */; };
		DDF8F0962BF42F45002D92A8 /* Alert.swift in Sources */ = {isa = PBXBuildFile; fileRef = DDF8F0952BF42F45002D92A8 /* Alert.swift */; };
		DDF8F09A2BF43895002D92A8 /* LoadingView.swift in Sources */ = {isa = PBXBuildFile; fileRef = DDF8F0992BF43895002D92A8 /* LoadingView.swift */; };
		DDF8F09C2BF440B5002D92A8 /* RemoteImage.swift in Sources */ = {isa = PBXBuildFile; fileRef = DDF8F09B2BF440B5002D92A8 /* RemoteImage.swift */; };
		DDF8F0AD2BF6ECF7002D92A8 /* AppetizerDetailView.swift in Sources */ = {isa = PBXBuildFile; fileRef = DDF8F0AC2BF6ECF7002D92A8 /* AppetizerDetailView.swift */; };
/* End PBXBuildFile section */

/* Begin PBXFileReference section */
		DD3679E32BE062260095023E /* Appetizers.app */ = {isa = PBXFileReference; explicitFileType = wrapper.application; includeInIndex = 0; path = Appetizers.app; sourceTree = BUILT_PRODUCTS_DIR; };
		DD3679E62BE062260095023E /* AppetizersApp.swift */ = {isa = PBXFileReference; lastKnownFileType = sourcecode.swift; path = AppetizersApp.swift; sourceTree = "<group>"; };
		DD3679E82BE062260095023E /* AppetizerTabView.swift */ = {isa = PBXFileReference; lastKnownFileType = sourcecode.swift; path = AppetizerTabView.swift; sourceTree = "<group>"; };
		DD3679EA2BE062280095023E /* Assets.xcassets */ = {isa = PBXFileReference; lastKnownFileType = folder.assetcatalog; path = Assets.xcassets; sourceTree = "<group>"; };
		DD3679EC2BE062280095023E /* Appetizers.entitlements */ = {isa = PBXFileReference; lastKnownFileType = text.plist.entitlements; path = Appetizers.entitlements; sourceTree = "<group>"; };
		DD3679EE2BE062280095023E /* Preview Assets.xcassets */ = {isa = PBXFileReference; lastKnownFileType = folder.assetcatalog; path = "Preview Assets.xcassets"; sourceTree = "<group>"; };
		DD3679F52BE062D90095023E /* AppetizerListView.swift */ = {isa = PBXFileReference; lastKnownFileType = sourcecode.swift; path = AppetizerListView.swift; sourceTree = "<group>"; };
		DD3679F72BE062E70095023E /* AccountView.swift */ = {isa = PBXFileReference; lastKnownFileType = sourcecode.swift; path = AccountView.swift; sourceTree = "<group>"; };
		DD3679F92BE062F00095023E /* OrderView.swift */ = {isa = PBXFileReference; lastKnownFileType = sourcecode.swift; path = OrderView.swift; sourceTree = "<group>"; };
		DD58A1562C1A6E020031488C /* Order.swift */ = {isa = PBXFileReference; lastKnownFileType = sourcecode.swift; path = Order.swift; sourceTree = "<group>"; };
		DD58A1582C1A7D6D0031488C /* AppetizerListBlink.swift */ = {isa = PBXFileReference; lastKnownFileType = sourcecode.swift; path = AppetizerListBlink.swift; sourceTree = "<group>"; };
		DD58A15A2C1A81100031488C /* CustomModifiers.swift */ = {isa = PBXFileReference; lastKnownFileType = sourcecode.swift; path = CustomModifiers.swift; sourceTree = "<group>"; };
		DD58A15C2C1A82160031488C /* View+Ext.swift */ = {isa = PBXFileReference; lastKnownFileType = sourcecode.swift; path = "View+Ext.swift"; sourceTree = "<group>"; };
		DD8B47EC2C0FF87500FE7072 /* AccountViewModel.swift */ = {isa = PBXFileReference; lastKnownFileType = sourcecode.swift; path = AccountViewModel.swift; sourceTree = "<group>"; };
		DD8B47EE2C0FF9E200FE7072 /* String+Ext.swift */ = {isa = PBXFileReference; lastKnownFileType = sourcecode.swift; path = "String+Ext.swift"; sourceTree = "<group>"; };
		DD8B47F02C1138E600FE7072 /* User.swift */ = {isa = PBXFileReference; lastKnownFileType = sourcecode.swift; path = User.swift; sourceTree = "<group>"; };
		DD8B47F52C1143A800FE7072 /* EmptyState.swift */ = {isa = PBXFileReference; lastKnownFileType = sourcecode.swift; path = EmptyState.swift; sourceTree = "<group>"; };
		DD9503792BFD6E8F00A2ED01 /* APButton.swift */ = {isa = PBXFileReference; lastKnownFileType = sourcecode.swift; path = APButton.swift; sourceTree = "<group>"; };
		DD95037B2BFD6F3700A2ED01 /* XDismissButton.swift */ = {isa = PBXFileReference; lastKnownFileType = sourcecode.swift; path = XDismissButton.swift; sourceTree = "<group>"; };
		DDB64C4F2BEADBAD002ECFEE /* Appetizer.swift */ = {isa = PBXFileReference; lastKnownFileType = sourcecode.swift; path = Appetizer.swift; sourceTree = "<group>"; };
		DDB64C512BEC451E002ECFEE /* AppetizerListCell.swift */ = {isa = PBXFileReference; lastKnownFileType = sourcecode.swift; path = AppetizerListCell.swift; sourceTree = "<group>"; };
		DDB64C532BEC4681002ECFEE /* NetworkManager.swift */ = {isa = PBXFileReference; lastKnownFileType = sourcecode.swift; path = NetworkManager.swift; sourceTree = "<group>"; };
		DDB64C552BEC47D5002ECFEE /* APError.swift */ = {isa = PBXFileReference; lastKnownFileType = sourcecode.swift; path = APError.swift; sourceTree = "<group>"; };
		DDB64C572BEC5064002ECFEE /* AppetizerListViewModel.swift */ = {isa = PBXFileReference; lastKnownFileType = sourcecode.swift; path = AppetizerListViewModel.swift; sourceTree = "<group>"; };
		DDB64C592BEC5868002ECFEE /* BlinkViewModifier.swift */ = {isa = PBXFileReference; lastKnownFileType = sourcecode.swift; path = BlinkViewModifier.swift; sourceTree = "<group>"; };
		DDF8F0952BF42F45002D92A8 /* Alert.swift */ = {isa = PBXFileReference; lastKnownFileType = sourcecode.swift; path = Alert.swift; sourceTree = "<group>"; };
		DDF8F0992BF43895002D92A8 /* LoadingView.swift */ = {isa = PBXFileReference; lastKnownFileType = sourcecode.swift; path = LoadingView.swift; sourceTree = "<group>"; };
		DDF8F09B2BF440B5002D92A8 /* RemoteImage.swift */ = {isa = PBXFileReference; lastKnownFileType = sourcecode.swift; path = RemoteImage.swift; sourceTree = "<group>"; };
		DDF8F0AC2BF6ECF7002D92A8 /* AppetizerDetailView.swift */ = {isa = PBXFileReference; lastKnownFileType = sourcecode.swift; path = AppetizerDetailView.swift; sourceTree = "<group>"; };
/* End PBXFileReference section */

/* Begin PBXFrameworksBuildPhase section */
		DD3679E02BE062260095023E /* Frameworks */ = {
			isa = PBXFrameworksBuildPhase;
			buildActionMask = 2147483647;
			files = (
			);
			runOnlyForDeploymentPostprocessing = 0;
		};
/* End PBXFrameworksBuildPhase section */

/* Begin PBXGroup section */
		DD3679DA2BE062260095023E = {
			isa = PBXGroup;
			children = (
				DD3679E52BE062260095023E /* Appetizers */,
				DD3679E42BE062260095023E /* Products */,
			);
			sourceTree = "<group>";
		};
		DD3679E42BE062260095023E /* Products */ = {
			isa = PBXGroup;
			children = (
				DD3679E32BE062260095023E /* Appetizers.app */,
			);
			name = Products;
			sourceTree = "<group>";
		};
		DD3679E52BE062260095023E /* Appetizers */ = {
			isa = PBXGroup;
			children = (
				DD3679EC2BE062280095023E /* Appetizers.entitlements */,
				DD3679E62BE062260095023E /* AppetizersApp.swift */,
				DDF8F09D2BF44637002D92A8 /* Screens */,
				DDF8F0A52BF4470D002D92A8 /* Model */,
				DDF8F0A72BF44793002D92A8 /* Components */,
				DDF8F0A12BF446B0002D92A8 /* Utilities */,
				DDF8F0AB2BF44919002D92A8 /* Assets */,
				DD3679ED2BE062280095023E /* Preview Content */,
			);
			path = Appetizers;
			sourceTree = "<group>";
		};
		DD3679ED2BE062280095023E /* Preview Content */ = {
			isa = PBXGroup;
			children = (
				DD3679EE2BE062280095023E /* Preview Assets.xcassets */,
			);
			path = "Preview Content";
			sourceTree = "<group>";
		};
		DD9503782BFD6DB700A2ED01 /* Buttons */ = {
			isa = PBXGroup;
			children = (
				DD9503792BFD6E8F00A2ED01 /* APButton.swift */,
				DD95037B2BFD6F3700A2ED01 /* XDismissButton.swift */,
			);
			path = Buttons;
			sourceTree = "<group>";
		};
		DDF8F09D2BF44637002D92A8 /* Screens */ = {
			isa = PBXGroup;
			children = (
				DD3679E82BE062260095023E /* AppetizerTabView.swift */,
				DDF8F09E2BF44649002D92A8 /* AppetizerListView */,
				DDF8F0A02BF4465D002D92A8 /* OrderView */,
				DDF8F09F2BF44654002D92A8 /* AccountView */,
			);
			path = Screens;
			sourceTree = "<group>";
		};
		DDF8F09E2BF44649002D92A8 /* AppetizerListView */ = {
			isa = PBXGroup;
			children = (
				DDB64C572BEC5064002ECFEE /* AppetizerListViewModel.swift */,
				DD3679F52BE062D90095023E /* AppetizerListView.swift */,
				DDF8F0AC2BF6ECF7002D92A8 /* AppetizerDetailView.swift */,
				DDF8F0A62BF4475E002D92A8 /* Cells */,
			);
			path = AppetizerListView;
			sourceTree = "<group>";
		};
		DDF8F09F2BF44654002D92A8 /* AccountView */ = {
			isa = PBXGroup;
			children = (
				DD3679F72BE062E70095023E /* AccountView.swift */,
				DD8B47EC2C0FF87500FE7072 /* AccountViewModel.swift */,
			);
			path = AccountView;
			sourceTree = "<group>";
		};
		DDF8F0A02BF4465D002D92A8 /* OrderView */ = {
			isa = PBXGroup;
			children = (
				DD3679F92BE062F00095023E /* OrderView.swift */,
			);
			path = OrderView;
			sourceTree = "<group>";
		};
		DDF8F0A12BF446B0002D92A8 /* Utilities */ = {
			isa = PBXGroup;
			children = (
				DDF8F0AA2BF4485F002D92A8 /* Image */,
				DDF8F0A92BF4483A002D92A8 /* Modifiers */,
				DDF8F0A42BF446DE002D92A8 /* Alerts */,
				DDF8F0A32BF446C5002D92A8 /* Extensions */,
				DDF8F0A22BF446BB002D92A8 /* Managers */,
			);
			path = Utilities;
			sourceTree = "<group>";
		};
		DDF8F0A22BF446BB002D92A8 /* Managers */ = {
			isa = PBXGroup;
			children = (
				DDB64C532BEC4681002ECFEE /* NetworkManager.swift */,
			);
			path = Managers;
			sourceTree = "<group>";
		};
		DDF8F0A32BF446C5002D92A8 /* Extensions */ = {
			isa = PBXGroup;
			children = (
				DD8B47EE2C0FF9E200FE7072 /* String+Ext.swift */,
				DD58A15C2C1A82160031488C /* View+Ext.swift */,
			);
			path = Extensions;
			sourceTree = "<group>";
		};
		DDF8F0A42BF446DE002D92A8 /* Alerts */ = {
			isa = PBXGroup;
			children = (
				DDB64C552BEC47D5002ECFEE /* APError.swift */,
				DDF8F0952BF42F45002D92A8 /* Alert.swift */,
			);
			path = Alerts;
			sourceTree = "<group>";
		};
		DDF8F0A52BF4470D002D92A8 /* Model */ = {
			isa = PBXGroup;
			children = (
				DDB64C4F2BEADBAD002ECFEE /* Appetizer.swift */,
				DD8B47F02C1138E600FE7072 /* User.swift */,
				DD58A1562C1A6E020031488C /* Order.swift */,
			);
			path = Model;
			sourceTree = "<group>";
		};
		DDF8F0A62BF4475E002D92A8 /* Cells */ = {
			isa = PBXGroup;
			children = (
				DDB64C512BEC451E002ECFEE /* AppetizerListCell.swift */,
			);
			path = Cells;
			sourceTree = "<group>";
		};
		DDF8F0A72BF44793002D92A8 /* Components */ = {
			isa = PBXGroup;
			children = (
				DD58A1582C1A7D6D0031488C /* AppetizerListBlink.swift */,
				DD8B47F52C1143A800FE7072 /* EmptyState.swift */,
				DDF8F0992BF43895002D92A8 /* LoadingView.swift */,
				DD9503782BFD6DB700A2ED01 /* Buttons */,
			);
			path = Components;
			sourceTree = "<group>";
		};
		DDF8F0A92BF4483A002D92A8 /* Modifiers */ = {
			isa = PBXGroup;
			children = (
				DD58A15A2C1A81100031488C /* CustomModifiers.swift */,
				DDB64C592BEC5868002ECFEE /* BlinkViewModifier.swift */,
			);
			path = Modifiers;
			sourceTree = "<group>";
		};
		DDF8F0AA2BF4485F002D92A8 /* Image */ = {
			isa = PBXGroup;
			children = (
				DDF8F09B2BF440B5002D92A8 /* RemoteImage.swift */,
			);
			path = Image;
			sourceTree = "<group>";
		};
		DDF8F0AB2BF44919002D92A8 /* Assets */ = {
			isa = PBXGroup;
			children = (
				DD3679EA2BE062280095023E /* Assets.xcassets */,
			);
			path = Assets;
			sourceTree = "<group>";
		};
/* End PBXGroup section */

/* Begin PBXNativeTarget section */
		DD3679E22BE062260095023E /* Appetizers */ = {
			isa = PBXNativeTarget;
			buildConfigurationList = DD3679F22BE062280095023E /* Build configuration list for PBXNativeTarget "Appetizers" */;
			buildPhases = (
				DD3679DF2BE062260095023E /* Sources */,
				DD3679E02BE062260095023E /* Frameworks */,
				DD3679E12BE062260095023E /* Resources */,
			);
			buildRules = (
			);
			dependencies = (
			);
			name = Appetizers;
			productName = Appetizers;
			productReference = DD3679E32BE062260095023E /* Appetizers.app */;
			productType = "com.apple.product-type.application";
		};
/* End PBXNativeTarget section */

/* Begin PBXProject section */
		DD3679DB2BE062260095023E /* Project object */ = {
			isa = PBXProject;
			attributes = {
				BuildIndependentTargetsInParallel = 1;
				LastSwiftUpdateCheck = 1530;
				LastUpgradeCheck = 1530;
				TargetAttributes = {
					DD3679E22BE062260095023E = {
						CreatedOnToolsVersion = 15.3;
					};
				};
			};
			buildConfigurationList = DD3679DE2BE062260095023E /* Build configuration list for PBXProject "Appetizers" */;
			compatibilityVersion = "Xcode 14.0";
			developmentRegion = en;
			hasScannedForEncodings = 0;
			knownRegions = (
				en,
				Base,
			);
			mainGroup = DD3679DA2BE062260095023E;
			productRefGroup = DD3679E42BE062260095023E /* Products */;
			projectDirPath = "";
			projectRoot = "";
			targets = (
				DD3679E22BE062260095023E /* Appetizers */,
			);
		};
/* End PBXProject section */

/* Begin PBXResourcesBuildPhase section */
		DD3679E12BE062260095023E /* Resources */ = {
			isa = PBXResourcesBuildPhase;
			buildActionMask = 2147483647;
			files = (
				DD3679EF2BE062280095023E /* Preview Assets.xcassets in Resources */,
				DD3679EB2BE062280095023E /* Assets.xcassets in Resources */,
			);
			runOnlyForDeploymentPostprocessing = 0;
		};
/* End PBXResourcesBuildPhase section */

/* Begin PBXSourcesBuildPhase section */
		DD3679DF2BE062260095023E /* Sources */ = {
			isa = PBXSourcesBuildPhase;
			buildActionMask = 2147483647;
			files = (
				DDB64C502BEADBAD002ECFEE /* Appetizer.swift in Sources */,
				DDB64C562BEC47D5002ECFEE /* APError.swift in Sources */,
				DD95037C2BFD6F3700A2ED01 /* XDismissButton.swift in Sources */,
				DDB64C522BEC451E002ECFEE /* AppetizerListCell.swift in Sources */,
				DD8B47ED2C0FF87500FE7072 /* AccountViewModel.swift in Sources */,
				DDB64C582BEC5064002ECFEE /* AppetizerListViewModel.swift in Sources */,
				DDB64C5A2BEC5868002ECFEE /* BlinkViewModifier.swift in Sources */,
				DD58A15D2C1A82160031488C /* View+Ext.swift in Sources */,
				DD3679F82BE062E70095023E /* AccountView.swift in Sources */,
				DD8B47F12C1138E600FE7072 /* User.swift in Sources */,
				DD95037A2BFD6E8F00A2ED01 /* APButton.swift in Sources */,
				DDF8F0962BF42F45002D92A8 /* Alert.swift in Sources */,
				DD3679E92BE062260095023E /* AppetizerTabView.swift in Sources */,
				DDB64C542BEC4681002ECFEE /* NetworkManager.swift in Sources */,
				DDF8F09C2BF440B5002D92A8 /* RemoteImage.swift in Sources */,
				DD8B47EF2C0FF9E200FE7072 /* String+Ext.swift in Sources */,
				DDF8F0AD2BF6ECF7002D92A8 /* AppetizerDetailView.swift in Sources */,
				DD3679E72BE062260095023E /* AppetizersApp.swift in Sources */,
				DD3679F62BE062DA0095023E /* AppetizerListView.swift in Sources */,
				DDF8F09A2BF43895002D92A8 /* LoadingView.swift in Sources */,
				DD58A1592C1A7D6D0031488C /* AppetizerListBlink.swift in Sources */,
				DD58A1572C1A6E020031488C /* Order.swift in Sources */,
				DD58A15B2C1A81100031488C /* CustomModifiers.swift in Sources */,
				DD3679FA2BE062F00095023E /* OrderView.swift in Sources */,
				DD8B47F62C1143A800FE7072 /* EmptyState.swift in Sources */,
			);
			runOnlyForDeploymentPostprocessing = 0;
		};
/* End PBXSourcesBuildPhase section */

/* Begin XCBuildConfiguration section */
		DD3679F02BE062280095023E /* Debug */ = {
			isa = XCBuildConfiguration;
			buildSettings = {
				ALWAYS_SEARCH_USER_PATHS = NO;
				ASSETCATALOG_COMPILER_GENERATE_SWIFT_ASSET_SYMBOL_EXTENSIONS = YES;
				CLANG_ANALYZER_NONNULL = YES;
				CLANG_ANALYZER_NUMBER_OBJECT_CONVERSION = YES_AGGRESSIVE;
				CLANG_CXX_LANGUAGE_STANDARD = "gnu++20";
				CLANG_ENABLE_MODULES = YES;
				CLANG_ENABLE_OBJC_ARC = YES;
				CLANG_ENABLE_OBJC_WEAK = YES;
				CLANG_WARN_BLOCK_CAPTURE_AUTORELEASING = YES;
				CLANG_WARN_BOOL_CONVERSION = YES;
				CLANG_WARN_COMMA = YES;
				CLANG_WARN_CONSTANT_CONVERSION = YES;
				CLANG_WARN_DEPRECATED_OBJC_IMPLEMENTATIONS = YES;
				CLANG_WARN_DIRECT_OBJC_ISA_USAGE = YES_ERROR;
				CLANG_WARN_DOCUMENTATION_COMMENTS = YES;
				CLANG_WARN_EMPTY_BODY = YES;
				CLANG_WARN_ENUM_CONVERSION = YES;
				CLANG_WARN_INFINITE_RECURSION = YES;
				CLANG_WARN_INT_CONVERSION = YES;
				CLANG_WARN_NON_LITERAL_NULL_CONVERSION = YES;
				CLANG_WARN_OBJC_IMPLICIT_RETAIN_SELF = YES;
				CLANG_WARN_OBJC_LITERAL_CONVERSION = YES;
				CLANG_WARN_OBJC_ROOT_CLASS = YES_ERROR;
				CLANG_WARN_QUOTED_INCLUDE_IN_FRAMEWORK_HEADER = YES;
				CLANG_WARN_RANGE_LOOP_ANALYSIS = YES;
				CLANG_WARN_STRICT_PROTOTYPES = YES;
				CLANG_WARN_SUSPICIOUS_MOVE = YES;
				CLANG_WARN_UNGUARDED_AVAILABILITY = YES_AGGRESSIVE;
				CLANG_WARN_UNREACHABLE_CODE = YES;
				CLANG_WARN__DUPLICATE_METHOD_MATCH = YES;
				COPY_PHASE_STRIP = NO;
				DEBUG_INFORMATION_FORMAT = dwarf;
				ENABLE_STRICT_OBJC_MSGSEND = YES;
				ENABLE_TESTABILITY = YES;
				ENABLE_USER_SCRIPT_SANDBOXING = YES;
				GCC_C_LANGUAGE_STANDARD = gnu17;
				GCC_DYNAMIC_NO_PIC = NO;
				GCC_NO_COMMON_BLOCKS = YES;
				GCC_OPTIMIZATION_LEVEL = 0;
				GCC_PREPROCESSOR_DEFINITIONS = (
					"DEBUG=1",
					"$(inherited)",
				);
				GCC_WARN_64_TO_32_BIT_CONVERSION = YES;
				GCC_WARN_ABOUT_RETURN_TYPE = YES_ERROR;
				GCC_WARN_UNDECLARED_SELECTOR = YES;
				GCC_WARN_UNINITIALIZED_AUTOS = YES_AGGRESSIVE;
				GCC_WARN_UNUSED_FUNCTION = YES;
				GCC_WARN_UNUSED_VARIABLE = YES;
				LOCALIZATION_PREFERS_STRING_CATALOGS = YES;
				MTL_ENABLE_DEBUG_INFO = INCLUDE_SOURCE;
				MTL_FAST_MATH = YES;
				ONLY_ACTIVE_ARCH = YES;
				SWIFT_ACTIVE_COMPILATION_CONDITIONS = "DEBUG $(inherited)";
				SWIFT_OPTIMIZATION_LEVEL = "-Onone";
			};
			name = Debug;
		};
		DD3679F12BE062280095023E /* Release */ = {
			isa = XCBuildConfiguration;
			buildSettings = {
				ALWAYS_SEARCH_USER_PATHS = NO;
				ASSETCATALOG_COMPILER_GENERATE_SWIFT_ASSET_SYMBOL_EXTENSIONS = YES;
				CLANG_ANALYZER_NONNULL = YES;
				CLANG_ANALYZER_NUMBER_OBJECT_CONVERSION = YES_AGGRESSIVE;
				CLANG_CXX_LANGUAGE_STANDARD = "gnu++20";
				CLANG_ENABLE_MODULES = YES;
				CLANG_ENABLE_OBJC_ARC = YES;
				CLANG_ENABLE_OBJC_WEAK = YES;
				CLANG_WARN_BLOCK_CAPTURE_AUTORELEASING = YES;
				CLANG_WARN_BOOL_CONVERSION = YES;
				CLANG_WARN_COMMA = YES;
				CLANG_WARN_CONSTANT_CONVERSION = YES;
				CLANG_WARN_DEPRECATED_OBJC_IMPLEMENTATIONS = YES;
				CLANG_WARN_DIRECT_OBJC_ISA_USAGE = YES_ERROR;
				CLANG_WARN_DOCUMENTATION_COMMENTS = YES;
				CLANG_WARN_EMPTY_BODY = YES;
				CLANG_WARN_ENUM_CONVERSION = YES;
				CLANG_WARN_INFINITE_RECURSION = YES;
				CLANG_WARN_INT_CONVERSION = YES;
				CLANG_WARN_NON_LITERAL_NULL_CONVERSION = YES;
				CLANG_WARN_OBJC_IMPLICIT_RETAIN_SELF = YES;
				CLANG_WARN_OBJC_LITERAL_CONVERSION = YES;
				CLANG_WARN_OBJC_ROOT_CLASS = YES_ERROR;
				CLANG_WARN_QUOTED_INCLUDE_IN_FRAMEWORK_HEADER = YES;
				CLANG_WARN_RANGE_LOOP_ANALYSIS = YES;
				CLANG_WARN_STRICT_PROTOTYPES = YES;
				CLANG_WARN_SUSPICIOUS_MOVE = YES;
				CLANG_WARN_UNGUARDED_AVAILABILITY = YES_AGGRESSIVE;
				CLANG_WARN_UNREACHABLE_CODE = YES;
				CLANG_WARN__DUPLICATE_METHOD_MATCH = YES;
				COPY_PHASE_STRIP = NO;
				DEBUG_INFORMATION_FORMAT = "dwarf-with-dsym";
				ENABLE_NS_ASSERTIONS = NO;
				ENABLE_STRICT_OBJC_MSGSEND = YES;
				ENABLE_USER_SCRIPT_SANDBOXING = YES;
				GCC_C_LANGUAGE_STANDARD = gnu17;
				GCC_NO_COMMON_BLOCKS = YES;
				GCC_WARN_64_TO_32_BIT_CONVERSION = YES;
				GCC_WARN_ABOUT_RETURN_TYPE = YES_ERROR;
				GCC_WARN_UNDECLARED_SELECTOR = YES;
				GCC_WARN_UNINITIALIZED_AUTOS = YES_AGGRESSIVE;
				GCC_WARN_UNUSED_FUNCTION = YES;
				GCC_WARN_UNUSED_VARIABLE = YES;
				LOCALIZATION_PREFERS_STRING_CATALOGS = YES;
				MTL_ENABLE_DEBUG_INFO = NO;
				MTL_FAST_MATH = YES;
				SWIFT_COMPILATION_MODE = wholemodule;
			};
			name = Release;
		};
		DD3679F32BE062280095023E /* Debug */ = {
			isa = XCBuildConfiguration;
			buildSettings = {
				ASSETCATALOG_COMPILER_APPICON_NAME = AppIcon;
				ASSETCATALOG_COMPILER_GLOBAL_ACCENT_COLOR_NAME = AccentColor;
				CODE_SIGN_ENTITLEMENTS = Appetizers/Appetizers.entitlements;
				CODE_SIGN_STYLE = Automatic;
				CURRENT_PROJECT_VERSION = 1;
				DEVELOPMENT_ASSET_PATHS = "\"Appetizers/Preview Content\"";
				DEVELOPMENT_TEAM = 4T4GCN29K7;
				ENABLE_HARDENED_RUNTIME = YES;
				ENABLE_PREVIEWS = YES;
				GENERATE_INFOPLIST_FILE = YES;
				"INFOPLIST_KEY_UIApplicationSceneManifest_Generation[sdk=iphoneos*]" = YES;
				"INFOPLIST_KEY_UIApplicationSceneManifest_Generation[sdk=iphonesimulator*]" = YES;
				"INFOPLIST_KEY_UIApplicationSupportsIndirectInputEvents[sdk=iphoneos*]" = YES;
				"INFOPLIST_KEY_UIApplicationSupportsIndirectInputEvents[sdk=iphonesimulator*]" = YES;
				"INFOPLIST_KEY_UILaunchScreen_Generation[sdk=iphoneos*]" = YES;
				"INFOPLIST_KEY_UILaunchScreen_Generation[sdk=iphonesimulator*]" = YES;
				"INFOPLIST_KEY_UIStatusBarStyle[sdk=iphoneos*]" = UIStatusBarStyleDefault;
				"INFOPLIST_KEY_UIStatusBarStyle[sdk=iphonesimulator*]" = UIStatusBarStyleDefault;
				INFOPLIST_KEY_UISupportedInterfaceOrientations_iPad = "UIInterfaceOrientationPortrait UIInterfaceOrientationPortraitUpsideDown UIInterfaceOrientationLandscapeLeft UIInterfaceOrientationLandscapeRight";
				INFOPLIST_KEY_UISupportedInterfaceOrientations_iPhone = "UIInterfaceOrientationPortrait UIInterfaceOrientationLandscapeLeft UIInterfaceOrientationLandscapeRight";
				IPHONEOS_DEPLOYMENT_TARGET = 17.4;
				LD_RUNPATH_SEARCH_PATHS = "@executable_path/Frameworks";
				"LD_RUNPATH_SEARCH_PATHS[sdk=macosx*]" = "@executable_path/../Frameworks";
				MACOSX_DEPLOYMENT_TARGET = 14.4;
				MARKETING_VERSION = 1.0;
				PRODUCT_BUNDLE_IDENTIFIER = com.pinheiro.Appetizers;
				PRODUCT_NAME = "$(TARGET_NAME)";
				SDKROOT = auto;
				SUPPORTED_PLATFORMS = "iphoneos iphonesimulator macosx";
				SWIFT_EMIT_LOC_STRINGS = YES;
				SWIFT_VERSION = 5.0;
				TARGETED_DEVICE_FAMILY = "1,2";
			};
			name = Debug;
		};
		DD3679F42BE062280095023E /* Release */ = {
			isa = XCBuildConfiguration;
			buildSettings = {
				ASSETCATALOG_COMPILER_APPICON_NAME = AppIcon;
				ASSETCATALOG_COMPILER_GLOBAL_ACCENT_COLOR_NAME = AccentColor;
				CODE_SIGN_ENTITLEMENTS = Appetizers/Appetizers.entitlements;
				CODE_SIGN_STYLE = Automatic;
				CURRENT_PROJECT_VERSION = 1;
				DEVELOPMENT_ASSET_PATHS = "\"Appetizers/Preview Content\"";
				DEVELOPMENT_TEAM = 4T4GCN29K7;
				ENABLE_HARDENED_RUNTIME = YES;
				ENABLE_PREVIEWS = YES;
				GENERATE_INFOPLIST_FILE = YES;
				"INFOPLIST_KEY_UIApplicationSceneManifest_Generation[sdk=iphoneos*]" = YES;
				"INFOPLIST_KEY_UIApplicationSceneManifest_Generation[sdk=iphonesimulator*]" = YES;
				"INFOPLIST_KEY_UIApplicationSupportsIndirectInputEvents[sdk=iphoneos*]" = YES;
				"INFOPLIST_KEY_UIApplicationSupportsIndirectInputEvents[sdk=iphonesimulator*]" = YES;
				"INFOPLIST_KEY_UILaunchScreen_Generation[sdk=iphoneos*]" = YES;
				"INFOPLIST_KEY_UILaunchScreen_Generation[sdk=iphonesimulator*]" = YES;
				"INFOPLIST_KEY_UIStatusBarStyle[sdk=iphoneos*]" = UIStatusBarStyleDefault;
				"INFOPLIST_KEY_UIStatusBarStyle[sdk=iphonesimulator*]" = UIStatusBarStyleDefault;
				INFOPLIST_KEY_UISupportedInterfaceOrientations_iPad = "UIInterfaceOrientationPortrait UIInterfaceOrientationPortraitUpsideDown UIInterfaceOrientationLandscapeLeft UIInterfaceOrientationLandscapeRight";
				INFOPLIST_KEY_UISupportedInterfaceOrientations_iPhone = "UIInterfaceOrientationPortrait UIInterfaceOrientationLandscapeLeft UIInterfaceOrientationLandscapeRight";
				IPHONEOS_DEPLOYMENT_TARGET = 17.4;
				LD_RUNPATH_SEARCH_PATHS = "@executable_path/Frameworks";
				"LD_RUNPATH_SEARCH_PATHS[sdk=macosx*]" = "@executable_path/../Frameworks";
				MACOSX_DEPLOYMENT_TARGET = 14.4;
				MARKETING_VERSION = 1.0;
				PRODUCT_BUNDLE_IDENTIFIER = com.pinheiro.Appetizers;
				PRODUCT_NAME = "$(TARGET_NAME)";
				SDKROOT = auto;
				SUPPORTED_PLATFORMS = "iphoneos iphonesimulator macosx";
				SWIFT_EMIT_LOC_STRINGS = YES;
				SWIFT_VERSION = 5.0;
				TARGETED_DEVICE_FAMILY = "1,2";
			};
			name = Release;
		};
/* End XCBuildConfiguration section */

/* Begin XCConfigurationList section */
		DD3679DE2BE062260095023E /* Build configuration list for PBXProject "Appetizers" */ = {
			isa = XCConfigurationList;
			buildConfigurations = (
				DD3679F02BE062280095023E /* Debug */,
				DD3679F12BE062280095023E /* Release */,
			);
			defaultConfigurationIsVisible = 0;
			defaultConfigurationName = Release;
		};
		DD3679F22BE062280095023E /* Build configuration list for PBXNativeTarget "Appetizers" */ = {
			isa = XCConfigurationList;
			buildConfigurations = (
				DD3679F32BE062280095023E /* Debug */,
				DD3679F42BE062280095023E /* Release */,
			);
			defaultConfigurationIsVisible = 0;
			defaultConfigurationName = Release;
		};
/* End XCConfigurationList section */
	};
	rootObject = DD3679DB2BE062260095023E /* Project object */;
}
